
Microsoft Visual Studio Solution File, Format Version 12.00
# Visual Studio 15
VisualStudioVersion = 15.0.26124.0
MinimumVisualStudioVersion = 15.0.26124.0
Project("{FAE04EC0-301F-11D3-BF4B-00C04F79EFBC}") = "Sqs.ConsoleApp", "Sqs.ConsoleApp\Sqs.ConsoleApp.csproj", "{C0A3B57A-5D30-4D99-BAA1-9CE744A1AB19}"
EndProject
Global
	GlobalSection(SolutionConfigurationPlatforms) = preSolution
		Debug|Any CPU = Debug|Any CPU
		Debug|x64 = Debug|x64
		Debug|x86 = Debug|x86
		Release|Any CPU = Release|Any CPU
		Release|x64 = Release|x64
		Release|x86 = Release|x86
	EndGlobalSection
	GlobalSection(SolutionProperties) = preSolution
		HideSolutionNode = FALSE
	EndGlobalSection
	GlobalSection(ProjectConfigurationPlatforms) = postSolution
		{D8723043-A373-4CE5-B001-470ADAA4E4B2}.Debug|Any CPU.ActiveCfg = Debug|Any CPU
		{D8723043-A373-4CE5-B001-470ADAA4E4B2}.Debug|Any CPU.Build.0 = Debug|Any CPU
		{D8723043-A373-4CE5-B001-470ADAA4E4B2}.Debug|x64.ActiveCfg = Debug|Any CPU
		{D8723043-A373-4CE5-B001-470ADAA4E4B2}.Debug|x64.Build.0 = Debug|Any CPU
		{D8723043-A373-4CE5-B001-470ADAA4E4B2}.Debug|x86.ActiveCfg = Debug|Any CPU
		{D8723043-A373-4CE5-B001-470ADAA4E4B2}.Debug|x86.Build.0 = Debug|Any CPU
		{D8723043-A373-4CE5-B001-470ADAA4E4B2}.Release|Any CPU.ActiveCfg = Release|Any CPU
		{D8723043-A373-4CE5-B001-470ADAA4E4B2}.Release|Any CPU.Build.0 = Release|Any CPU
		{D8723043-A373-4CE5-B001-470ADAA4E4B2}.Release|x64.ActiveCfg = Release|Any CPU
		{D8723043-A373-4CE5-B001-470ADAA4E4B2}.Release|x64.Build.0 = Release|Any CPU
		{D8723043-A373-4CE5-B001-470ADAA4E4B2}.Release|x86.ActiveCfg = Release|Any CPU
		{D8723043-A373-4CE5-B001-470ADAA4E4B2}.Release|x86.Build.0 = Release|Any CPU
		{626B5F69-5FD3-4202-81DF-BFB777031A92}.Debug|Any CPU.ActiveCfg = Debug|Any CPU
		{626B5F69-5FD3-4202-81DF-BFB777031A92}.Debug|Any CPU.Build.0 = Debug|Any CPU
		{626B5F69-5FD3-4202-81DF-BFB777031A92}.Debug|x64.ActiveCfg = Debug|Any CPU
		{626B5F69-5FD3-4202-81DF-BFB777031A92}.Debug|x64.Build.0 = Debug|Any CPU
		{626B5F69-5FD3-4202-81DF-BFB777031A92}.Debug|x86.ActiveCfg = Debug|Any CPU
		{626B5F69-5FD3-4202-81DF-BFB777031A92}.Debug|x86.Build.0 = Debug|Any CPU
		{626B5F69-5FD3-4202-81DF-BFB777031A92}.Release|Any CPU.ActiveCfg = Release|Any CPU
		{626B5F69-5FD3-4202-81DF-BFB777031A92}.Release|Any CPU.Build.0 = Release|Any CPU
		{626B5F69-5FD3-4202-81DF-BFB777031A92}.Release|x64.ActiveCfg = Release|Any CPU
		{626B5F69-5FD3-4202-81DF-BFB777031A92}.Release|x64.Build.0 = Release|Any CPU
		{626B5F69-5FD3-4202-81DF-BFB777031A92}.Release|x86.ActiveCfg = Release|Any CPU
		{626B5F69-5FD3-4202-81DF-BFB777031A92}.Release|x86.Build.0 = Release|Any CPU
		{C0A3B57A-5D30-4D99-BAA1-9CE744A1AB19}.Debug|Any CPU.ActiveCfg = Debug|Any CPU
		{C0A3B57A-5D30-4D99-BAA1-9CE744A1AB19}.Debug|Any CPU.Build.0 = Debug|Any CPU
		{C0A3B57A-5D30-4D99-BAA1-9CE744A1AB19}.Debug|x64.ActiveCfg = Debug|Any CPU
		{C0A3B57A-5D30-4D99-BAA1-9CE744A1AB19}.Debug|x64.Build.0 = Debug|Any CPU
		{C0A3B57A-5D30-4D99-BAA1-9CE744A1AB19}.Debug|x86.ActiveCfg = Debug|Any CPU
		{C0A3B57A-5D30-4D99-BAA1-9CE744A1AB19}.Debug|x86.Build.0 = Debug|Any CPU
		{C0A3B57A-5D30-4D99-BAA1-9CE744A1AB19}.Release|Any CPU.ActiveCfg = Release|Any CPU
		{C0A3B57A-5D30-4D99-BAA1-9CE744A1AB19}.Release|Any CPU.Build.0 = Release|Any CPU
		{C0A3B57A-5D30-4D99-BAA1-9CE744A1AB19}.Release|x64.ActiveCfg = Release|Any CPU
		{C0A3B57A-5D30-4D99-BAA1-9CE744A1AB19}.Release|x64.Build.0 = Release|Any CPU
		{C0A3B57A-5D30-4D99-BAA1-9CE744A1AB19}.Release|x86.ActiveCfg = Release|Any CPU
		{C0A3B57A-5D30-4D99-BAA1-9CE744A1AB19}.Release|x86.Build.0 = Release|Any CPU
	EndGlobalSection
EndGlobal
